<?xml version="1.0" encoding="UTF-8"?>
<!DOCTYPE plist PUBLIC "-//Apple//DTD PLIST 1.0//EN" "http://www.apple.com/DTDs/PropertyList-1.0.dtd">
<plist version="1.0">
<dict>
	<key>archiveVersion</key>
	<string>1</string>
	<key>classes</key>
	<dict/>
	<key>objectVersion</key>
	<string>46</string>
	<key>objects</key>
	<dict>
		<key>12324778B85A6219C388B2DC</key>
		<dict>
			<key>children</key>
			<array>
				<string>C488C2CEB2685ECA49E9A69E</string>
				<string>28705633881B0EC90FFB6185</string>
			</array>
			<key>isa</key>
			<string>PBXGroup</string>
			<key>name</key>
			<string>Pods</string>
			<key>sourceTree</key>
			<string>&lt;group&gt;</string>
		</dict>
		<key>1EFD2F051A780D7D00DCA3EE</key>
		<dict>
			<key>children</key>
			<array>
				<string>1EFD2F101A780D7D00DCA3EE</string>
				<string>1EFD2F261A780D7D00DCA3EE</string>
				<string>1EFD2F0F1A780D7D00DCA3EE</string>
				<string>12324778B85A6219C388B2DC</string>
				<string>C1ACF18B6597A599954E418E</string>
			</array>
			<key>isa</key>
			<string>PBXGroup</string>
			<key>sourceTree</key>
			<string>&lt;group&gt;</string>
		</dict>
		<key>1EFD2F061A780D7D00DCA3EE</key>
		<dict>
			<key>attributes</key>
			<dict>
				<key>LastUpgradeCheck</key>
				<string>0610</string>
				<key>ORGANIZATIONNAME</key>
				<string>Howard Wilson</string>
				<key>TargetAttributes</key>
				<dict>
					<key>1EFD2F0D1A780D7D00DCA3EE</key>
					<dict>
						<key>CreatedOnToolsVersion</key>
						<string>6.1.1</string>
					</dict>
					<key>1EFD2F221A780D7D00DCA3EE</key>
					<dict>
						<key>CreatedOnToolsVersion</key>
						<string>6.1.1</string>
						<key>TestTargetID</key>
						<string>1EFD2F0D1A780D7D00DCA3EE</string>
					</dict>
				</dict>
			</dict>
			<key>buildConfigurationList</key>
			<string>1EFD2F091A780D7D00DCA3EE</string>
			<key>compatibilityVersion</key>
			<string>Xcode 3.2</string>
			<key>developmentRegion</key>
			<string>English</string>
			<key>hasScannedForEncodings</key>
			<string>0</string>
			<key>isa</key>
			<string>PBXProject</string>
			<key>knownRegions</key>
			<array>
				<string>en</string>
				<string>Base</string>
			</array>
			<key>mainGroup</key>
			<string>1EFD2F051A780D7D00DCA3EE</string>
			<key>productRefGroup</key>
			<string>1EFD2F0F1A780D7D00DCA3EE</string>
			<key>projectDirPath</key>
			<string></string>
			<key>projectReferences</key>
			<array/>
			<key>projectRoot</key>
			<string></string>
			<key>targets</key>
			<array>
				<string>1EFD2F0D1A780D7D00DCA3EE</string>
				<string>1EFD2F221A780D7D00DCA3EE</string>
			</array>
		</dict>
		<key>1EFD2F091A780D7D00DCA3EE</key>
		<dict>
			<key>buildConfigurations</key>
			<array>
				<string>1EFD2F2B1A780D7D00DCA3EE</string>
				<string>1EFD2F2C1A780D7D00DCA3EE</string>
			</array>
			<key>defaultConfigurationIsVisible</key>
			<string>0</string>
			<key>defaultConfigurationName</key>
			<string>Release</string>
			<key>isa</key>
			<string>XCConfigurationList</string>
		</dict>
		<key>1EFD2F0A1A780D7D00DCA3EE</key>
		<dict>
			<key>buildActionMask</key>
			<string>2147483647</string>
			<key>files</key>
			<array>
				<string>1EFD2F161A780D7D00DCA3EE</string>
				<string>1EFD2F141A780D7D00DCA3EE</string>
			</array>
			<key>isa</key>
			<string>PBXSourcesBuildPhase</string>
			<key>runOnlyForDeploymentPostprocessing</key>
			<string>0</string>
		</dict>
		<key>1EFD2F0B1A780D7D00DCA3EE</key>
		<dict>
			<key>buildActionMask</key>
			<string>2147483647</string>
			<key>files</key>
			<array/>
			<key>isa</key>
			<string>PBXFrameworksBuildPhase</string>
			<key>runOnlyForDeploymentPostprocessing</key>
			<string>0</string>
		</dict>
		<key>1EFD2F0C1A780D7D00DCA3EE</key>
		<dict>
			<key>buildActionMask</key>
			<string>2147483647</string>
			<key>files</key>
			<array>
				<string>1EFD2F191A780D7D00DCA3EE</string>
				<string>1EFD2F1E1A780D7D00DCA3EE</string>
				<string>1EFD2F1B1A780D7D00DCA3EE</string>
			</array>
			<key>isa</key>
			<string>PBXResourcesBuildPhase</string>
			<key>runOnlyForDeploymentPostprocessing</key>
			<string>0</string>
		</dict>
		<key>1EFD2F0D1A780D7D00DCA3EE</key>
		<dict>
			<key>buildConfigurationList</key>
			<string>1EFD2F2D1A780D7D00DCA3EE</string>
			<key>buildPhases</key>
			<array>
				<string>1EFD2F0A1A780D7D00DCA3EE</string>
				<string>1EFD2F0B1A780D7D00DCA3EE</string>
				<string>1EFD2F0C1A780D7D00DCA3EE</string>
			</array>
			<key>buildRules</key>
			<array/>
			<key>dependencies</key>
			<array/>
			<key>isa</key>
			<string>PBXNativeTarget</string>
			<key>name</key>
			<string>RestAPIExample</string>
			<key>productName</key>
			<string>RestAPIExample</string>
			<key>productReference</key>
			<string>1EFD2F0E1A780D7D00DCA3EE</string>
			<key>productType</key>
			<string>com.apple.product-type.application</string>
		</dict>
		<key>1EFD2F0E1A780D7D00DCA3EE</key>
		<dict>
			<key>explicitFileType</key>
			<string>wrapper.application</string>
			<key>includeInIndex</key>
			<string>0</string>
			<key>isa</key>
			<string>PBXFileReference</string>
			<key>path</key>
			<string>RestAPIExample.app</string>
			<key>sourceTree</key>
			<string>BUILT_PRODUCTS_DIR</string>
		</dict>
		<key>1EFD2F0F1A780D7D00DCA3EE</key>
		<dict>
			<key>children</key>
			<array>
				<string>1EFD2F0E1A780D7D00DCA3EE</string>
				<string>1EFD2F231A780D7D00DCA3EE</string>
			</array>
			<key>isa</key>
			<string>PBXGroup</string>
			<key>name</key>
			<string>Products</string>
			<key>sourceTree</key>
			<string>&lt;group&gt;</string>
		</dict>
		<key>1EFD2F101A780D7D00DCA3EE</key>
		<dict>
			<key>children</key>
			<array>
				<string>1EFD2F131A780D7D00DCA3EE</string>
				<string>1EFD2F151A780D7D00DCA3EE</string>
				<string>1EFD2F171A780D7D00DCA3EE</string>
				<string>1EFD2F1A1A780D7D00DCA3EE</string>
				<string>1EFD2F1C1A780D7D00DCA3EE</string>
				<string>1EFD2F111A780D7D00DCA3EE</string>
			</array>
			<key>isa</key>
			<string>PBXGroup</string>
			<key>path</key>
			<string>RestAPIExample</string>
			<key>sourceTree</key>
			<string>&lt;group&gt;</string>
		</dict>
		<key>1EFD2F111A780D7D00DCA3EE</key>
		<dict>
			<key>children</key>
			<array>
				<string>1EFD2F121A780D7D00DCA3EE</string>
			</array>
			<key>isa</key>
			<string>PBXGroup</string>
			<key>name</key>
			<string>Supporting Files</string>
			<key>sourceTree</key>
			<string>&lt;group&gt;</string>
		</dict>
		<key>1EFD2F121A780D7D00DCA3EE</key>
		<dict>
			<key>isa</key>
			<string>PBXFileReference</string>
			<key>lastKnownFileType</key>
			<string>text.plist.xml</string>
			<key>path</key>
			<string>Info.plist</string>
			<key>sourceTree</key>
			<string>&lt;group&gt;</string>
		</dict>
		<key>1EFD2F131A780D7D00DCA3EE</key>
		<dict>
			<key>isa</key>
			<string>PBXFileReference</string>
			<key>lastKnownFileType</key>
			<string>sourcecode.swift</string>
			<key>path</key>
			<string>AppDelegate.swift</string>
			<key>sourceTree</key>
			<string>&lt;group&gt;</string>
		</dict>
		<key>1EFD2F141A780D7D00DCA3EE</key>
		<dict>
			<key>fileRef</key>
			<string>1EFD2F131A780D7D00DCA3EE</string>
			<key>isa</key>
			<string>PBXBuildFile</string>
		</dict>
		<key>1EFD2F151A780D7D00DCA3EE</key>
		<dict>
			<key>isa</key>
			<string>PBXFileReference</string>
			<key>lastKnownFileType</key>
			<string>sourcecode.swift</string>
			<key>path</key>
			<string>ViewController.swift</string>
			<key>sourceTree</key>
			<string>&lt;group&gt;</string>
		</dict>
		<key>1EFD2F161A780D7D00DCA3EE</key>
		<dict>
			<key>fileRef</key>
			<string>1EFD2F151A780D7D00DCA3EE</string>
			<key>isa</key>
			<string>PBXBuildFile</string>
		</dict>
		<key>1EFD2F171A780D7D00DCA3EE</key>
		<dict>
			<key>children</key>
			<array>
				<string>1EFD2F181A780D7D00DCA3EE</string>
			</array>
			<key>isa</key>
			<string>PBXVariantGroup</string>
			<key>name</key>
			<string>Main.storyboard</string>
			<key>sourceTree</key>
			<string>&lt;group&gt;</string>
		</dict>
		<key>1EFD2F181A780D7D00DCA3EE</key>
		<dict>
			<key>isa</key>
			<string>PBXFileReference</string>
			<key>lastKnownFileType</key>
			<string>file.storyboard</string>
			<key>name</key>
			<string>Base</string>
			<key>path</key>
			<string>Base.lproj/Main.storyboard</string>
			<key>sourceTree</key>
			<string>&lt;group&gt;</string>
		</dict>
		<key>1EFD2F191A780D7D00DCA3EE</key>
		<dict>
			<key>fileRef</key>
			<string>1EFD2F171A780D7D00DCA3EE</string>
			<key>isa</key>
			<string>PBXBuildFile</string>
		</dict>
		<key>1EFD2F1A1A780D7D00DCA3EE</key>
		<dict>
			<key>isa</key>
			<string>PBXFileReference</string>
			<key>lastKnownFileType</key>
			<string>folder.assetcatalog</string>
			<key>path</key>
			<string>Images.xcassets</string>
			<key>sourceTree</key>
			<string>&lt;group&gt;</string>
		</dict>
		<key>1EFD2F1B1A780D7D00DCA3EE</key>
		<dict>
			<key>fileRef</key>
			<string>1EFD2F1A1A780D7D00DCA3EE</string>
			<key>isa</key>
			<string>PBXBuildFile</string>
		</dict>
		<key>1EFD2F1C1A780D7D00DCA3EE</key>
		<dict>
			<key>children</key>
			<array>
				<string>1EFD2F1D1A780D7D00DCA3EE</string>
			</array>
			<key>isa</key>
			<string>PBXVariantGroup</string>
			<key>name</key>
			<string>LaunchScreen.xib</string>
			<key>sourceTree</key>
			<string>&lt;group&gt;</string>
		</dict>
		<key>1EFD2F1D1A780D7D00DCA3EE</key>
		<dict>
			<key>isa</key>
			<string>PBXFileReference</string>
			<key>lastKnownFileType</key>
			<string>file.xib</string>
			<key>name</key>
			<string>Base</string>
			<key>path</key>
			<string>Base.lproj/LaunchScreen.xib</string>
			<key>sourceTree</key>
			<string>&lt;group&gt;</string>
		</dict>
		<key>1EFD2F1E1A780D7D00DCA3EE</key>
		<dict>
			<key>fileRef</key>
			<string>1EFD2F1C1A780D7D00DCA3EE</string>
			<key>isa</key>
			<string>PBXBuildFile</string>
		</dict>
		<key>1EFD2F1F1A780D7D00DCA3EE</key>
		<dict>
			<key>buildActionMask</key>
			<string>2147483647</string>
			<key>files</key>
			<array>
				<string>1EFD2F2A1A780D7D00DCA3EE</string>
			</array>
			<key>isa</key>
			<string>PBXSourcesBuildPhase</string>
			<key>runOnlyForDeploymentPostprocessing</key>
			<string>0</string>
		</dict>
		<key>1EFD2F201A780D7D00DCA3EE</key>
		<dict>
			<key>buildActionMask</key>
			<string>2147483647</string>
			<key>files</key>
			<array>
				<string>2D393E93076D752B92FE6869</string>
			</array>
			<key>isa</key>
			<string>PBXFrameworksBuildPhase</string>
			<key>runOnlyForDeploymentPostprocessing</key>
			<string>0</string>
		</dict>
		<key>1EFD2F211A780D7D00DCA3EE</key>
		<dict>
			<key>buildActionMask</key>
			<string>2147483647</string>
			<key>files</key>
			<array/>
			<key>isa</key>
			<string>PBXResourcesBuildPhase</string>
			<key>runOnlyForDeploymentPostprocessing</key>
			<string>0</string>
		</dict>
		<key>1EFD2F221A780D7D00DCA3EE</key>
		<dict>
			<key>buildConfigurationList</key>
			<string>1EFD2F301A780D7D00DCA3EE</string>
			<key>buildPhases</key>
			<array>
				<string>532D84AC1295EEA32286DA3F</string>
				<string>1EFD2F1F1A780D7D00DCA3EE</string>
				<string>1EFD2F201A780D7D00DCA3EE</string>
				<string>1EFD2F211A780D7D00DCA3EE</string>
				<string>44EACFB1915C0C587739D739</string>
			</array>
			<key>buildRules</key>
			<array/>
			<key>dependencies</key>
			<array>
				<string>1EFD2F251A780D7D00DCA3EE</string>
			</array>
			<key>isa</key>
			<string>PBXNativeTarget</string>
			<key>name</key>
			<string>RestAPIExampleTests</string>
			<key>productName</key>
			<string>RestAPIExampleTests</string>
			<key>productReference</key>
			<string>1EFD2F231A780D7D00DCA3EE</string>
			<key>productType</key>
			<string>com.apple.product-type.bundle.unit-test</string>
		</dict>
		<key>1EFD2F231A780D7D00DCA3EE</key>
		<dict>
			<key>explicitFileType</key>
			<string>wrapper.cfbundle</string>
			<key>includeInIndex</key>
			<string>0</string>
			<key>isa</key>
			<string>PBXFileReference</string>
			<key>path</key>
			<string>RestAPIExampleTests.xctest</string>
			<key>sourceTree</key>
			<string>BUILT_PRODUCTS_DIR</string>
		</dict>
		<key>1EFD2F241A780D7D00DCA3EE</key>
		<dict>
			<key>containerPortal</key>
			<string>1EFD2F061A780D7D00DCA3EE</string>
			<key>isa</key>
			<string>PBXContainerItemProxy</string>
			<key>proxyType</key>
			<string>1</string>
			<key>remoteGlobalIDString</key>
			<string>1EFD2F0D1A780D7D00DCA3EE</string>
			<key>remoteInfo</key>
			<string>RestAPIExample</string>
		</dict>
		<key>1EFD2F251A780D7D00DCA3EE</key>
		<dict>
			<key>isa</key>
			<string>PBXTargetDependency</string>
			<key>target</key>
			<string>1EFD2F0D1A780D7D00DCA3EE</string>
			<key>targetProxy</key>
			<string>1EFD2F241A780D7D00DCA3EE</string>
		</dict>
		<key>1EFD2F261A780D7D00DCA3EE</key>
		<dict>
			<key>children</key>
			<array>
				<string>1EFD2F291A780D7D00DCA3EE</string>
				<string>1EFD2F271A780D7D00DCA3EE</string>
			</array>
			<key>isa</key>
			<string>PBXGroup</string>
			<key>path</key>
			<string>RestAPIExampleTests</string>
			<key>sourceTree</key>
			<string>&lt;group&gt;</string>
		</dict>
		<key>1EFD2F271A780D7D00DCA3EE</key>
		<dict>
			<key>children</key>
			<array>
				<string>1EFD2F281A780D7D00DCA3EE</string>
			</array>
			<key>isa</key>
			<string>PBXGroup</string>
			<key>name</key>
			<string>Supporting Files</string>
			<key>sourceTree</key>
			<string>&lt;group&gt;</string>
		</dict>
		<key>1EFD2F281A780D7D00DCA3EE</key>
		<dict>
			<key>isa</key>
			<string>PBXFileReference</string>
			<key>lastKnownFileType</key>
			<string>text.plist.xml</string>
			<key>path</key>
			<string>Info.plist</string>
			<key>sourceTree</key>
			<string>&lt;group&gt;</string>
		</dict>
		<key>1EFD2F291A780D7D00DCA3EE</key>
		<dict>
			<key>isa</key>
			<string>PBXFileReference</string>
			<key>lastKnownFileType</key>
			<string>sourcecode.swift</string>
			<key>path</key>
			<string>RestAPIExampleTests.swift</string>
			<key>sourceTree</key>
			<string>&lt;group&gt;</string>
		</dict>
		<key>1EFD2F2A1A780D7D00DCA3EE</key>
		<dict>
			<key>fileRef</key>
			<string>1EFD2F291A780D7D00DCA3EE</string>
			<key>isa</key>
			<string>PBXBuildFile</string>
		</dict>
		<key>1EFD2F2B1A780D7D00DCA3EE</key>
		<dict>
			<key>buildSettings</key>
			<dict>
				<key>ALWAYS_SEARCH_USER_PATHS</key>
				<string>NO</string>
				<key>CLANG_CXX_LANGUAGE_STANDARD</key>
				<string>gnu++0x</string>
				<key>CLANG_CXX_LIBRARY</key>
				<string>libc++</string>
				<key>CLANG_ENABLE_MODULES</key>
				<string>YES</string>
				<key>CLANG_ENABLE_OBJC_ARC</key>
				<string>YES</string>
				<key>CLANG_WARN_BOOL_CONVERSION</key>
				<string>YES</string>
				<key>CLANG_WARN_CONSTANT_CONVERSION</key>
				<string>YES</string>
				<key>CLANG_WARN_DIRECT_OBJC_ISA_USAGE</key>
				<string>YES_ERROR</string>
				<key>CLANG_WARN_EMPTY_BODY</key>
				<string>YES</string>
				<key>CLANG_WARN_ENUM_CONVERSION</key>
				<string>YES</string>
				<key>CLANG_WARN_INT_CONVERSION</key>
				<string>YES</string>
				<key>CLANG_WARN_OBJC_ROOT_CLASS</key>
				<string>YES_ERROR</string>
				<key>CLANG_WARN_UNREACHABLE_CODE</key>
				<string>YES</string>
				<key>CLANG_WARN__DUPLICATE_METHOD_MATCH</key>
				<string>YES</string>
				<key>CODE_SIGN_IDENTITY[sdk=iphoneos*]</key>
				<string>iPhone Developer</string>
				<key>COPY_PHASE_STRIP</key>
				<string>NO</string>
				<key>ENABLE_STRICT_OBJC_MSGSEND</key>
				<string>YES</string>
				<key>GCC_C_LANGUAGE_STANDARD</key>
				<string>gnu99</string>
				<key>GCC_DYNAMIC_NO_PIC</key>
				<string>NO</string>
				<key>GCC_OPTIMIZATION_LEVEL</key>
				<string>0</string>
				<key>GCC_PREPROCESSOR_DEFINITIONS</key>
				<array>
					<string>DEBUG=1</string>
					<string>$(inherited)</string>
				</array>
				<key>GCC_SYMBOLS_PRIVATE_EXTERN</key>
				<string>NO</string>
				<key>GCC_WARN_64_TO_32_BIT_CONVERSION</key>
				<string>YES</string>
				<key>GCC_WARN_ABOUT_RETURN_TYPE</key>
				<string>YES_ERROR</string>
				<key>GCC_WARN_UNDECLARED_SELECTOR</key>
				<string>YES</string>
				<key>GCC_WARN_UNINITIALIZED_AUTOS</key>
				<string>YES_AGGRESSIVE</string>
				<key>GCC_WARN_UNUSED_FUNCTION</key>
				<string>YES</string>
				<key>GCC_WARN_UNUSED_VARIABLE</key>
				<string>YES</string>
				<key>IPHONEOS_DEPLOYMENT_TARGET</key>
				<string>8.1</string>
				<key>MTL_ENABLE_DEBUG_INFO</key>
				<string>YES</string>
				<key>ONLY_ACTIVE_ARCH</key>
				<string>YES</string>
				<key>SDKROOT</key>
				<string>iphoneos</string>
				<key>SWIFT_OPTIMIZATION_LEVEL</key>
				<string>-Onone</string>
			</dict>
			<key>isa</key>
			<string>XCBuildConfiguration</string>
			<key>name</key>
			<string>Debug</string>
		</dict>
		<key>1EFD2F2C1A780D7D00DCA3EE</key>
		<dict>
			<key>buildSettings</key>
			<dict>
				<key>ALWAYS_SEARCH_USER_PATHS</key>
				<string>NO</string>
				<key>CLANG_CXX_LANGUAGE_STANDARD</key>
				<string>gnu++0x</string>
				<key>CLANG_CXX_LIBRARY</key>
				<string>libc++</string>
				<key>CLANG_ENABLE_MODULES</key>
				<string>YES</string>
				<key>CLANG_ENABLE_OBJC_ARC</key>
				<string>YES</string>
				<key>CLANG_WARN_BOOL_CONVERSION</key>
				<string>YES</string>
				<key>CLANG_WARN_CONSTANT_CONVERSION</key>
				<string>YES</string>
				<key>CLANG_WARN_DIRECT_OBJC_ISA_USAGE</key>
				<string>YES_ERROR</string>
				<key>CLANG_WARN_EMPTY_BODY</key>
				<string>YES</string>
				<key>CLANG_WARN_ENUM_CONVERSION</key>
				<string>YES</string>
				<key>CLANG_WARN_INT_CONVERSION</key>
				<string>YES</string>
				<key>CLANG_WARN_OBJC_ROOT_CLASS</key>
				<string>YES_ERROR</string>
				<key>CLANG_WARN_UNREACHABLE_CODE</key>
				<string>YES</string>
				<key>CLANG_WARN__DUPLICATE_METHOD_MATCH</key>
				<string>YES</string>
				<key>CODE_SIGN_IDENTITY[sdk=iphoneos*]</key>
				<string>iPhone Developer</string>
				<key>COPY_PHASE_STRIP</key>
				<string>YES</string>
				<key>ENABLE_NS_ASSERTIONS</key>
				<string>NO</string>
				<key>ENABLE_STRICT_OBJC_MSGSEND</key>
				<string>YES</string>
				<key>GCC_C_LANGUAGE_STANDARD</key>
				<string>gnu99</string>
				<key>GCC_WARN_64_TO_32_BIT_CONVERSION</key>
				<string>YES</string>
				<key>GCC_WARN_ABOUT_RETURN_TYPE</key>
				<string>YES_ERROR</string>
				<key>GCC_WARN_UNDECLARED_SELECTOR</key>
				<string>YES</string>
				<key>GCC_WARN_UNINITIALIZED_AUTOS</key>
				<string>YES_AGGRESSIVE</string>
				<key>GCC_WARN_UNUSED_FUNCTION</key>
				<string>YES</string>
				<key>GCC_WARN_UNUSED_VARIABLE</key>
				<string>YES</string>
				<key>IPHONEOS_DEPLOYMENT_TARGET</key>
				<string>8.1</string>
				<key>MTL_ENABLE_DEBUG_INFO</key>
				<string>NO</string>
				<key>SDKROOT</key>
				<string>iphoneos</string>
				<key>VALIDATE_PRODUCT</key>
				<string>YES</string>
			</dict>
			<key>isa</key>
			<string>XCBuildConfiguration</string>
			<key>name</key>
			<string>Release</string>
		</dict>
		<key>1EFD2F2D1A780D7D00DCA3EE</key>
		<dict>
			<key>buildConfigurations</key>
			<array>
				<string>1EFD2F2E1A780D7D00DCA3EE</string>
				<string>1EFD2F2F1A780D7D00DCA3EE</string>
			</array>
			<key>defaultConfigurationIsVisible</key>
			<string>0</string>
			<key>isa</key>
			<string>XCConfigurationList</string>
		</dict>
		<key>1EFD2F2E1A780D7D00DCA3EE</key>
		<dict>
			<key>buildSettings</key>
			<dict>
				<key>ASSETCATALOG_COMPILER_APPICON_NAME</key>
				<string>AppIcon</string>
				<key>INFOPLIST_FILE</key>
				<string>RestAPIExample/Info.plist</string>
				<key>LD_RUNPATH_SEARCH_PATHS</key>
				<string>$(inherited) @executable_path/Frameworks</string>
				<key>PRODUCT_NAME</key>
				<string>$(TARGET_NAME)</string>
			</dict>
			<key>isa</key>
			<string>XCBuildConfiguration</string>
			<key>name</key>
			<string>Debug</string>
		</dict>
		<key>1EFD2F2F1A780D7D00DCA3EE</key>
		<dict>
			<key>buildSettings</key>
			<dict>
				<key>ASSETCATALOG_COMPILER_APPICON_NAME</key>
				<string>AppIcon</string>
				<key>INFOPLIST_FILE</key>
				<string>RestAPIExample/Info.plist</string>
				<key>LD_RUNPATH_SEARCH_PATHS</key>
				<string>$(inherited) @executable_path/Frameworks</string>
				<key>PRODUCT_NAME</key>
				<string>$(TARGET_NAME)</string>
			</dict>
			<key>isa</key>
			<string>XCBuildConfiguration</string>
			<key>name</key>
			<string>Release</string>
		</dict>
		<key>1EFD2F301A780D7D00DCA3EE</key>
		<dict>
			<key>buildConfigurations</key>
			<array>
				<string>1EFD2F311A780D7D00DCA3EE</string>
				<string>1EFD2F321A780D7D00DCA3EE</string>
			</array>
			<key>defaultConfigurationIsVisible</key>
			<string>0</string>
			<key>isa</key>
			<string>XCConfigurationList</string>
		</dict>
		<key>1EFD2F311A780D7D00DCA3EE</key>
		<dict>
			<key>baseConfigurationReference</key>
			<string>C488C2CEB2685ECA49E9A69E</string>
			<key>buildSettings</key>
			<dict>
				<key>BUNDLE_LOADER</key>
				<string>$(TEST_HOST)</string>
				<key>FRAMEWORK_SEARCH_PATHS</key>
				<array>
					<string>$(SDKROOT)/Developer/Library/Frameworks</string>
					<string>$(inherited)</string>
				</array>
				<key>GCC_PREPROCESSOR_DEFINITIONS</key>
				<array>
					<string>DEBUG=1</string>
					<string>$(inherited)</string>
				</array>
				<key>INFOPLIST_FILE</key>
				<string>RestAPIExampleTests/Info.plist</string>
				<key>LD_RUNPATH_SEARCH_PATHS</key>
				<string>$(inherited) @executable_path/Frameworks @loader_path/Frameworks</string>
				<key>PRODUCT_NAME</key>
				<string>$(TARGET_NAME)</string>
				<key>TEST_HOST</key>
				<string>$(BUILT_PRODUCTS_DIR)/RestAPIExample.app/RestAPIExample</string>
			</dict>
			<key>isa</key>
			<string>XCBuildConfiguration</string>
			<key>name</key>
			<string>Debug</string>
		</dict>
		<key>1EFD2F321A780D7D00DCA3EE</key>
		<dict>
			<key>baseConfigurationReference</key>
			<string>28705633881B0EC90FFB6185</string>
			<key>buildSettings</key>
			<dict>
				<key>BUNDLE_LOADER</key>
				<string>$(TEST_HOST)</string>
				<key>FRAMEWORK_SEARCH_PATHS</key>
				<array>
					<string>$(SDKROOT)/Developer/Library/Frameworks</string>
					<string>$(inherited)</string>
				</array>
				<key>INFOPLIST_FILE</key>
				<string>RestAPIExampleTests/Info.plist</string>
				<key>LD_RUNPATH_SEARCH_PATHS</key>
				<string>$(inherited) @executable_path/Frameworks @loader_path/Frameworks</string>
				<key>PRODUCT_NAME</key>
				<string>$(TARGET_NAME)</string>
				<key>TEST_HOST</key>
				<string>$(BUILT_PRODUCTS_DIR)/RestAPIExample.app/RestAPIExample</string>
			</dict>
			<key>isa</key>
			<string>XCBuildConfiguration</string>
			<key>name</key>
			<string>Release</string>
		</dict>
		<key>262FF8789C4E26499A2BAE63</key>
		<dict>
			<key>explicitFileType</key>
			<string>archive.ar</string>
			<key>includeInIndex</key>
			<string>0</string>
			<key>isa</key>
			<string>PBXFileReference</string>
			<key>path</key>
			<string>libPods-RestAPIExampleTests.a</string>
			<key>sourceTree</key>
			<string>BUILT_PRODUCTS_DIR</string>
		</dict>
		<key>28705633881B0EC90FFB6185</key>
		<dict>
			<key>includeInIndex</key>
			<string>1</string>
			<key>isa</key>
			<string>PBXFileReference</string>
			<key>lastKnownFileType</key>
			<string>text.xcconfig</string>
			<key>name</key>
			<string>Pods-RestAPIExampleTests.release.xcconfig</string>
			<key>path</key>
			<string>Pods/Target Support Files/Pods-RestAPIExampleTests/Pods-RestAPIExampleTests.release.xcconfig</string>
			<key>sourceTree</key>
			<string>&lt;group&gt;</string>
		</dict>
		<key>2D393E93076D752B92FE6869</key>
		<dict>
			<key>fileRef</key>
			<string>262FF8789C4E26499A2BAE63</string>
			<key>isa</key>
			<string>PBXBuildFile</string>
		</dict>
		<key>44EACFB1915C0C587739D739</key>
		<dict>
			<key>buildActionMask</key>
			<string>2147483647</string>
			<key>files</key>
			<array/>
			<key>inputPaths</key>
			<array/>
			<key>isa</key>
			<string>PBXShellScriptBuildPhase</string>
			<key>name</key>
			<string>Copy Pods Resources</string>
			<key>outputPaths</key>
			<array/>
			<key>runOnlyForDeploymentPostprocessing</key>
			<string>0</string>
			<key>shellPath</key>
			<string>/bin/sh</string>
			<key>shellScript</key>
			<string>"${SRCROOT}/Pods/Target Support Files/Pods-RestAPIExampleTests/Pods-RestAPIExampleTests-resources.sh"
</string>
			<key>showEnvVarsInLog</key>
			<string>0</string>
		</dict>
		<key>532D84AC1295EEA32286DA3F</key>
		<dict>
			<key>buildActionMask</key>
			<string>2147483647</string>
			<key>files</key>
			<array/>
			<key>inputPaths</key>
			<array/>
			<key>isa</key>
			<string>PBXShellScriptBuildPhase</string>
			<key>name</key>
			<string>Check Pods Manifest.lock</string>
			<key>outputPaths</key>
			<array/>
			<key>runOnlyForDeploymentPostprocessing</key>
			<string>0</string>
			<key>shellPath</key>
			<string>/bin/sh</string>
			<key>shellScript</key>
			<string>diff "${PODS_ROOT}/../Podfile.lock" "${PODS_ROOT}/Manifest.lock" &gt; /dev/null
if [[ $? != 0 ]] ; then
    cat &lt;&lt; EOM
error: The sandbox is not in sync with the Podfile.lock. Run 'pod install' or update your CocoaPods installation.
EOM
    exit 1
fi
</string>
			<key>showEnvVarsInLog</key>
			<string>0</string>
		</dict>
		<key>C1ACF18B6597A599954E418E</key>
		<dict>
			<key>children</key>
			<array>
				<string>262FF8789C4E26499A2BAE63</string>
			</array>
			<key>isa</key>
			<string>PBXGroup</string>
			<key>name</key>
			<string>Frameworks</string>
			<key>sourceTree</key>
			<string>&lt;group&gt;</string>
		</dict>
		<key>C488C2CEB2685ECA49E9A69E</key>
		<dict>
			<key>includeInIndex</key>
			<string>1</string>
			<key>isa</key>
			<string>PBXFileReference</string>
			<key>lastKnownFileType</key>
			<string>text.xcconfig</string>
			<key>name</key>
			<string>Pods-RestAPIExampleTests.debug.xcconfig</string>
			<key>path</key>
			<string>Pods/Target Support Files/Pods-RestAPIExampleTests/Pods-RestAPIExampleTests.debug.xcconfig</string>
			<key>sourceTree</key>
			<string>&lt;group&gt;</string>
		</dict>
	</dict>
	<key>rootObject</key>
	<string>1EFD2F061A780D7D00DCA3EE</string>
</dict>
</plist>
