// !$*UTF8*$!
{
	archiveVersion = 1;
	classes = {
	};
	objectVersion = 46;
	objects = {

/* Begin PBXBuildFile section */
		1E1E4A2C1A7E9B0D0057F5E7 /* Repository.swift in Sources */ = {isa = PBXBuildFile; fileRef = 1E1E4A2B1A7E9B0D0057F5E7 /* Repository.swift */; };
		1E1E4A2D1A7E9B0D0057F5E7 /* Repository.swift in Sources */ = {isa = PBXBuildFile; fileRef = 1E1E4A2B1A7E9B0D0057F5E7 /* Repository.swift */; };
		1E1E4A311A7E9C140057F5E7 /* ScheduleTests.swift in Sources */ = {isa = PBXBuildFile; fileRef = 1E1E4A301A7E9C140057F5E7 /* ScheduleTests.swift */; };
		1E1E4A331A7E9C530057F5E7 /* RestAPIExampleTests.swift in Sources */ = {isa = PBXBuildFile; fileRef = 1E1E4A321A7E9C530057F5E7 /* RestAPIExampleTests.swift */; };
		1EF025EF1A794CE600ED307F /* Alamofire.swift in Sources */ = {isa = PBXBuildFile; fileRef = 1EF025ED1A794CE600ED307F /* Alamofire.swift */; };
		1EF025F01A794CE600ED307F /* Alamofire.swift in Sources */ = {isa = PBXBuildFile; fileRef = 1EF025ED1A794CE600ED307F /* Alamofire.swift */; };
		1EF025F11A794CE600ED307F /* SwiftyJSON.swift in Sources */ = {isa = PBXBuildFile; fileRef = 1EF025EE1A794CE600ED307F /* SwiftyJSON.swift */; };
		1EF025F21A794CE600ED307F /* SwiftyJSON.swift in Sources */ = {isa = PBXBuildFile; fileRef = 1EF025EE1A794CE600ED307F /* SwiftyJSON.swift */; };
		1EF026101A7BE44800ED307F /* GithubAPIClient.swift in Sources */ = {isa = PBXBuildFile; fileRef = 1EF0260F1A7BE44800ED307F /* GithubAPIClient.swift */; };
		1EF026111A7BE44800ED307F /* GithubAPIClient.swift in Sources */ = {isa = PBXBuildFile; fileRef = 1EF0260F1A7BE44800ED307F /* GithubAPIClient.swift */; };
		1EFD2F141A780D7D00DCA3EE /* AppDelegate.swift in Sources */ = {isa = PBXBuildFile; fileRef = 1EFD2F131A780D7D00DCA3EE /* AppDelegate.swift */; };
		1EFD2F161A780D7D00DCA3EE /* ViewController.swift in Sources */ = {isa = PBXBuildFile; fileRef = 1EFD2F151A780D7D00DCA3EE /* ViewController.swift */; };
		1EFD2F191A780D7D00DCA3EE /* Main.storyboard in Resources */ = {isa = PBXBuildFile; fileRef = 1EFD2F171A780D7D00DCA3EE /* Main.storyboard */; };
		1EFD2F1B1A780D7D00DCA3EE /* Images.xcassets in Resources */ = {isa = PBXBuildFile; fileRef = 1EFD2F1A1A780D7D00DCA3EE /* Images.xcassets */; };
		1EFD2F1E1A780D7D00DCA3EE /* LaunchScreen.xib in Resources */ = {isa = PBXBuildFile; fileRef = 1EFD2F1C1A780D7D00DCA3EE /* LaunchScreen.xib */; };
		2D393E93076D752B92FE6869 /* libPods-RestAPIExampleTests.a in Frameworks */ = {isa = PBXBuildFile; fileRef = 262FF8789C4E26499A2BAE63 /* libPods-RestAPIExampleTests.a */; };
/* End PBXBuildFile section */

/* Begin PBXContainerItemProxy section */
		1EFD2F241A780D7D00DCA3EE /* PBXContainerItemProxy */ = {
			isa = PBXContainerItemProxy;
			containerPortal = 1EFD2F061A780D7D00DCA3EE /* Project object */;
			proxyType = 1;
			remoteGlobalIDString = 1EFD2F0D1A780D7D00DCA3EE;
			remoteInfo = RestAPIExample;
		};
/* End PBXContainerItemProxy section */

/* Begin PBXFileReference section */
		1E1E4A2B1A7E9B0D0057F5E7 /* Repository.swift */ = {isa = PBXFileReference; fileEncoding = 4; lastKnownFileType = sourcecode.swift; path = Repository.swift; sourceTree = "<group>"; };
		1E1E4A301A7E9C140057F5E7 /* ScheduleTests.swift */ = {isa = PBXFileReference; fileEncoding = 4; lastKnownFileType = sourcecode.swift; path = ScheduleTests.swift; sourceTree = "<group>"; };
		1E1E4A321A7E9C530057F5E7 /* RestAPIExampleTests.swift */ = {isa = PBXFileReference; fileEncoding = 4; lastKnownFileType = sourcecode.swift; path = RestAPIExampleTests.swift; sourceTree = "<group>"; };
		1EF025ED1A794CE600ED307F /* Alamofire.swift */ = {isa = PBXFileReference; fileEncoding = 4; lastKnownFileType = sourcecode.swift; path = Alamofire.swift; sourceTree = "<group>"; };
		1EF025EE1A794CE600ED307F /* SwiftyJSON.swift */ = {isa = PBXFileReference; fileEncoding = 4; lastKnownFileType = sourcecode.swift; path = SwiftyJSON.swift; sourceTree = "<group>"; };
		1EF0260F1A7BE44800ED307F /* GithubAPIClient.swift */ = {isa = PBXFileReference; fileEncoding = 4; lastKnownFileType = sourcecode.swift; path = GithubAPIClient.swift; sourceTree = "<group>"; };
		1EFD2F0E1A780D7D00DCA3EE /* RestAPIExample.app */ = {isa = PBXFileReference; explicitFileType = wrapper.application; includeInIndex = 0; path = RestAPIExample.app; sourceTree = BUILT_PRODUCTS_DIR; };
		1EFD2F121A780D7D00DCA3EE /* Info.plist */ = {isa = PBXFileReference; lastKnownFileType = text.plist.xml; path = Info.plist; sourceTree = "<group>"; };
		1EFD2F131A780D7D00DCA3EE /* AppDelegate.swift */ = {isa = PBXFileReference; lastKnownFileType = sourcecode.swift; path = AppDelegate.swift; sourceTree = "<group>"; };
		1EFD2F151A780D7D00DCA3EE /* ViewController.swift */ = {isa = PBXFileReference; lastKnownFileType = sourcecode.swift; path = ViewController.swift; sourceTree = "<group>"; };
		1EFD2F181A780D7D00DCA3EE /* Base */ = {isa = PBXFileReference; lastKnownFileType = file.storyboard; name = Base; path = Base.lproj/Main.storyboard; sourceTree = "<group>"; };
		1EFD2F1A1A780D7D00DCA3EE /* Images.xcassets */ = {isa = PBXFileReference; lastKnownFileType = folder.assetcatalog; path = Images.xcassets; sourceTree = "<group>"; };
		1EFD2F1D1A780D7D00DCA3EE /* Base */ = {isa = PBXFileReference; lastKnownFileType = file.xib; name = Base; path = Base.lproj/LaunchScreen.xib; sourceTree = "<group>"; };
		1EFD2F231A780D7D00DCA3EE /* RestAPIExampleTests.xctest */ = {isa = PBXFileReference; explicitFileType = wrapper.cfbundle; includeInIndex = 0; path = RestAPIExampleTests.xctest; sourceTree = BUILT_PRODUCTS_DIR; };
		1EFD2F281A780D7D00DCA3EE /* Info.plist */ = {isa = PBXFileReference; lastKnownFileType = text.plist.xml; path = Info.plist; sourceTree = "<group>"; };
		1EFD2F331A7819F900DCA3EE /* RestAPIExampleTests-Bridging-Header.h */ = {isa = PBXFileReference; lastKnownFileType = sourcecode.c.h; path = "RestAPIExampleTests-Bridging-Header.h"; sourceTree = "<group>"; };
		262FF8789C4E26499A2BAE63 /* libPods-RestAPIExampleTests.a */ = {isa = PBXFileReference; explicitFileType = archive.ar; includeInIndex = 0; path = "libPods-RestAPIExampleTests.a"; sourceTree = BUILT_PRODUCTS_DIR; };
		28705633881B0EC90FFB6185 /* Pods-RestAPIExampleTests.release.xcconfig */ = {isa = PBXFileReference; includeInIndex = 1; lastKnownFileType = text.xcconfig; name = "Pods-RestAPIExampleTests.release.xcconfig"; path = "Pods/Target Support Files/Pods-RestAPIExampleTests/Pods-RestAPIExampleTests.release.xcconfig"; sourceTree = "<group>"; };
		C488C2CEB2685ECA49E9A69E /* Pods-RestAPIExampleTests.debug.xcconfig */ = {isa = PBXFileReference; includeInIndex = 1; lastKnownFileType = text.xcconfig; name = "Pods-RestAPIExampleTests.debug.xcconfig"; path = "Pods/Target Support Files/Pods-RestAPIExampleTests/Pods-RestAPIExampleTests.debug.xcconfig"; sourceTree = "<group>"; };
/* End PBXFileReference section */

/* Begin PBXFrameworksBuildPhase section */
		1EFD2F0B1A780D7D00DCA3EE /* Frameworks */ = {
			isa = PBXFrameworksBuildPhase;
			buildActionMask = 2147483647;
			files = (
			);
			runOnlyForDeploymentPostprocessing = 0;
		};
		1EFD2F201A780D7D00DCA3EE /* Frameworks */ = {
			isa = PBXFrameworksBuildPhase;
			buildActionMask = 2147483647;
			files = (
				2D393E93076D752B92FE6869 /* libPods-RestAPIExampleTests.a in Frameworks */,
			);
			runOnlyForDeploymentPostprocessing = 0;
		};
/* End PBXFrameworksBuildPhase section */

/* Begin PBXGroup section */
		12324778B85A6219C388B2DC /* Pods */ = {
			isa = PBXGroup;
			children = (
				C488C2CEB2685ECA49E9A69E /* Pods-RestAPIExampleTests.debug.xcconfig */,
				28705633881B0EC90FFB6185 /* Pods-RestAPIExampleTests.release.xcconfig */,
			);
			name = Pods;
			sourceTree = "<group>";
		};
		1E1E4A2A1A7E9AF60057F5E7 /* Models */ = {
			isa = PBXGroup;
			children = (
				1E1E4A2B1A7E9B0D0057F5E7 /* Repository.swift */,
			);
			path = Models;
			sourceTree = "<group>";
		};
		1E1E4A2F1A7E9B750057F5E7 /* GithubAPI */ = {
			isa = PBXGroup;
			children = (
				1E1E4A301A7E9C140057F5E7 /* ScheduleTests.swift */,
				1E1E4A321A7E9C530057F5E7 /* RestAPIExampleTests.swift */,
			);
			path = GithubAPI;
			sourceTree = "<group>";
		};
		1EF025EC1A794CE600ED307F /* Dependencies */ = {
			isa = PBXGroup;
			children = (
				1EF025ED1A794CE600ED307F /* Alamofire.swift */,
				1EF025EE1A794CE600ED307F /* SwiftyJSON.swift */,
			);
			path = Dependencies;
			sourceTree = "<group>";
		};
		1EF0260E1A7BE43900ED307F /* GithubAPI */ = {
			isa = PBXGroup;
			children = (
				1E1E4A2A1A7E9AF60057F5E7 /* Models */,
				1EF0260F1A7BE44800ED307F /* GithubAPIClient.swift */,
			);
			path = GithubAPI;
			sourceTree = "<group>";
		};
		1EFD2F051A780D7D00DCA3EE = {
			isa = PBXGroup;
			children = (
				1EFD2F101A780D7D00DCA3EE /* RestAPIExample */,
				1EFD2F261A780D7D00DCA3EE /* RestAPIExampleTests */,
				1EFD2F0F1A780D7D00DCA3EE /* Products */,
				12324778B85A6219C388B2DC /* Pods */,
				C1ACF18B6597A599954E418E /* Frameworks */,
			);
			indentWidth = 2;
			sourceTree = "<group>";
			tabWidth = 2;
		};
		1EFD2F0F1A780D7D00DCA3EE /* Products */ = {
			isa = PBXGroup;
			children = (
				1EFD2F0E1A780D7D00DCA3EE /* RestAPIExample.app */,
				1EFD2F231A780D7D00DCA3EE /* RestAPIExampleTests.xctest */,
			);
			name = Products;
			sourceTree = "<group>";
		};
		1EFD2F101A780D7D00DCA3EE /* RestAPIExample */ = {
			isa = PBXGroup;
			children = (
				1EFD2F131A780D7D00DCA3EE /* AppDelegate.swift */,
				1EFD2F151A780D7D00DCA3EE /* ViewController.swift */,
				1EFD2F171A780D7D00DCA3EE /* Main.storyboard */,
				1EFD2F1A1A780D7D00DCA3EE /* Images.xcassets */,
				1EFD2F1C1A780D7D00DCA3EE /* LaunchScreen.xib */,
				1EF0260E1A7BE43900ED307F /* GithubAPI */,
				1EF025EC1A794CE600ED307F /* Dependencies */,
				1EFD2F111A780D7D00DCA3EE /* Supporting Files */,
			);
			path = RestAPIExample;
			sourceTree = "<group>";
		};
		1EFD2F111A780D7D00DCA3EE /* Supporting Files */ = {
			isa = PBXGroup;
			children = (
				1EFD2F121A780D7D00DCA3EE /* Info.plist */,
			);
			name = "Supporting Files";
			sourceTree = "<group>";
		};
		1EFD2F261A780D7D00DCA3EE /* RestAPIExampleTests */ = {
			isa = PBXGroup;
			children = (
				1E1E4A2F1A7E9B750057F5E7 /* GithubAPI */,
				1EFD2F271A780D7D00DCA3EE /* Supporting Files */,
				1EFD2F331A7819F900DCA3EE /* RestAPIExampleTests-Bridging-Header.h */,
			);
			path = RestAPIExampleTests;
			sourceTree = "<group>";
		};
		1EFD2F271A780D7D00DCA3EE /* Supporting Files */ = {
			isa = PBXGroup;
			children = (
				1EFD2F281A780D7D00DCA3EE /* Info.plist */,
			);
			name = "Supporting Files";
			sourceTree = "<group>";
		};
		C1ACF18B6597A599954E418E /* Frameworks */ = {
			isa = PBXGroup;
			children = (
				262FF8789C4E26499A2BAE63 /* libPods-RestAPIExampleTests.a */,
			);
			name = Frameworks;
			sourceTree = "<group>";
		};
/* End PBXGroup section */

/* Begin PBXNativeTarget section */
		1EFD2F0D1A780D7D00DCA3EE /* RestAPIExample */ = {
			isa = PBXNativeTarget;
			buildConfigurationList = 1EFD2F2D1A780D7D00DCA3EE /* Build configuration list for PBXNativeTarget "RestAPIExample" */;
			buildPhases = (
				1EFD2F0A1A780D7D00DCA3EE /* Sources */,
				1EFD2F0B1A780D7D00DCA3EE /* Frameworks */,
				1EFD2F0C1A780D7D00DCA3EE /* Resources */,
			);
			buildRules = (
			);
			dependencies = (
			);
			name = RestAPIExample;
			productName = RestAPIExample;
			productReference = 1EFD2F0E1A780D7D00DCA3EE /* RestAPIExample.app */;
			productType = "com.apple.product-type.application";
		};
		1EFD2F221A780D7D00DCA3EE /* RestAPIExampleTests */ = {
			isa = PBXNativeTarget;
			buildConfigurationList = 1EFD2F301A780D7D00DCA3EE /* Build configuration list for PBXNativeTarget "RestAPIExampleTests" */;
			buildPhases = (
				532D84AC1295EEA32286DA3F /* Check Pods Manifest.lock */,
				1EFD2F1F1A780D7D00DCA3EE /* Sources */,
				1EFD2F201A780D7D00DCA3EE /* Frameworks */,
				1EFD2F211A780D7D00DCA3EE /* Resources */,
				44EACFB1915C0C587739D739 /* Copy Pods Resources */,
			);
			buildRules = (
			);
			dependencies = (
				1EFD2F251A780D7D00DCA3EE /* PBXTargetDependency */,
			);
			name = RestAPIExampleTests;
			productName = RestAPIExampleTests;
			productReference = 1EFD2F231A780D7D00DCA3EE /* RestAPIExampleTests.xctest */;
			productType = "com.apple.product-type.bundle.unit-test";
		};
/* End PBXNativeTarget section */

/* Begin PBXProject section */
		1EFD2F061A780D7D00DCA3EE /* Project object */ = {
			isa = PBXProject;
			attributes = {
				LastUpgradeCheck = 0610;
				ORGANIZATIONNAME = "Howard Wilson";
				TargetAttributes = {
					1EFD2F0D1A780D7D00DCA3EE = {
						CreatedOnToolsVersion = 6.1.1;
					};
					1EFD2F221A780D7D00DCA3EE = {
						CreatedOnToolsVersion = 6.1.1;
						TestTargetID = 1EFD2F0D1A780D7D00DCA3EE;
					};
				};
			};
			buildConfigurationList = 1EFD2F091A780D7D00DCA3EE /* Build configuration list for PBXProject "RestAPIExample" */;
			compatibilityVersion = "Xcode 3.2";
			developmentRegion = English;
			hasScannedForEncodings = 0;
			knownRegions = (
				en,
				Base,
			);
			mainGroup = 1EFD2F051A780D7D00DCA3EE;
			productRefGroup = 1EFD2F0F1A780D7D00DCA3EE /* Products */;
			projectDirPath = "";
			projectRoot = "";
			targets = (
				1EFD2F0D1A780D7D00DCA3EE /* RestAPIExample */,
				1EFD2F221A780D7D00DCA3EE /* RestAPIExampleTests */,
			);
		};
/* End PBXProject section */

/* Begin PBXResourcesBuildPhase section */
		1EFD2F0C1A780D7D00DCA3EE /* Resources */ = {
			isa = PBXResourcesBuildPhase;
			buildActionMask = 2147483647;
			files = (
				1EFD2F191A780D7D00DCA3EE /* Main.storyboard in Resources */,
				1EFD2F1E1A780D7D00DCA3EE /* LaunchScreen.xib in Resources */,
				1EFD2F1B1A780D7D00DCA3EE /* Images.xcassets in Resources */,
			);
			runOnlyForDeploymentPostprocessing = 0;
		};
		1EFD2F211A780D7D00DCA3EE /* Resources */ = {
			isa = PBXResourcesBuildPhase;
			buildActionMask = 2147483647;
			files = (
			);
			runOnlyForDeploymentPostprocessing = 0;
		};
/* End PBXResourcesBuildPhase section */

/* Begin PBXShellScriptBuildPhase section */
		44EACFB1915C0C587739D739 /* Copy Pods Resources */ = {
			isa = PBXShellScriptBuildPhase;
			buildActionMask = 2147483647;
			files = (
			);
			inputPaths = (
			);
			name = "Copy Pods Resources";
			outputPaths = (
			);
			runOnlyForDeploymentPostprocessing = 0;
			shellPath = /bin/sh;
			shellScript = "\"${SRCROOT}/Pods/Target Support Files/Pods-RestAPIExampleTests/Pods-RestAPIExampleTests-resources.sh\"\n";
			showEnvVarsInLog = 0;
		};
		532D84AC1295EEA32286DA3F /* Check Pods Manifest.lock */ = {
			isa = PBXShellScriptBuildPhase;
			buildActionMask = 2147483647;
			files = (
			);
			inputPaths = (
			);
			name = "Check Pods Manifest.lock";
			outputPaths = (
			);
			runOnlyForDeploymentPostprocessing = 0;
			shellPath = /bin/sh;
			shellScript = "diff \"${PODS_ROOT}/../Podfile.lock\" \"${PODS_ROOT}/Manifest.lock\" > /dev/null\nif [[ $? != 0 ]] ; then\n    cat << EOM\nerror: The sandbox is not in sync with the Podfile.lock. Run 'pod install' or update your CocoaPods installation.\nEOM\n    exit 1\nfi\n";
			showEnvVarsInLog = 0;
		};
/* End PBXShellScriptBuildPhase section */

/* Begin PBXSourcesBuildPhase section */
		1EFD2F0A1A780D7D00DCA3EE /* Sources */ = {
			isa = PBXSourcesBuildPhase;
			buildActionMask = 2147483647;
			files = (
				1EF025EF1A794CE600ED307F /* Alamofire.swift in Sources */,
				1EFD2F161A780D7D00DCA3EE /* ViewController.swift in Sources */,
				1EF026101A7BE44800ED307F /* GithubAPIClient.swift in Sources */,
				1EFD2F141A780D7D00DCA3EE /* AppDelegate.swift in Sources */,
				1EF025F11A794CE600ED307F /* SwiftyJSON.swift in Sources */,
				1E1E4A2C1A7E9B0D0057F5E7 /* Repository.swift in Sources */,
			);
			runOnlyForDeploymentPostprocessing = 0;
		};
		1EFD2F1F1A780D7D00DCA3EE /* Sources */ = {
			isa = PBXSourcesBuildPhase;
			buildActionMask = 2147483647;
			files = (
				1EF026111A7BE44800ED307F /* GithubAPIClient.swift in Sources */,
				1EF025F21A794CE600ED307F /* SwiftyJSON.swift in Sources */,
				1E1E4A311A7E9C140057F5E7 /* ScheduleTests.swift in Sources */,
				1E1E4A2D1A7E9B0D0057F5E7 /* Repository.swift in Sources */,
				1EF025F01A794CE600ED307F /* Alamofire.swift in Sources */,
				1E1E4A331A7E9C530057F5E7 /* RestAPIExampleTests.swift in Sources */,
			);
			runOnlyForDeploymentPostprocessing = 0;
		};
/* End PBXSourcesBuildPhase section */

/* Begin PBXTargetDependency section */
		1EFD2F251A780D7D00DCA3EE /* PBXTargetDependency */ = {
			isa = PBXTargetDependency;
			target = 1EFD2F0D1A780D7D00DCA3EE /* RestAPIExample */;
			targetProxy = 1EFD2F241A780D7D00DCA3EE /* PBXContainerItemProxy */;
		};
/* End PBXTargetDependency section */

/* Begin PBXVariantGroup section */
		1EFD2F171A780D7D00DCA3EE /* Main.storyboard */ = {
			isa = PBXVariantGroup;
			children = (
				1EFD2F181A780D7D00DCA3EE /* Base */,
			);
			name = Main.storyboard;
			sourceTree = "<group>";
		};
		1EFD2F1C1A780D7D00DCA3EE /* LaunchScreen.xib */ = {
			isa = PBXVariantGroup;
			children = (
				1EFD2F1D1A780D7D00DCA3EE /* Base */,
			);
			name = LaunchScreen.xib;
			sourceTree = "<group>";
		};
/* End PBXVariantGroup section */

/* Begin XCBuildConfiguration section */
		1EFD2F2B1A780D7D00DCA3EE /* Debug */ = {
			isa = XCBuildConfiguration;
			buildSettings = {
				ALWAYS_SEARCH_USER_PATHS = NO;
				CLANG_CXX_LANGUAGE_STANDARD = "gnu++0x";
				CLANG_CXX_LIBRARY = "libc++";
				CLANG_ENABLE_MODULES = YES;
				CLANG_ENABLE_OBJC_ARC = YES;
				CLANG_WARN_BOOL_CONVERSION = YES;
				CLANG_WARN_CONSTANT_CONVERSION = YES;
				CLANG_WARN_DIRECT_OBJC_ISA_USAGE = YES_ERROR;
				CLANG_WARN_EMPTY_BODY = YES;
				CLANG_WARN_ENUM_CONVERSION = YES;
				CLANG_WARN_INT_CONVERSION = YES;
				CLANG_WARN_OBJC_ROOT_CLASS = YES_ERROR;
				CLANG_WARN_UNREACHABLE_CODE = YES;
				CLANG_WARN__DUPLICATE_METHOD_MATCH = YES;
				"CODE_SIGN_IDENTITY[sdk=iphoneos*]" = "iPhone Developer";
				COPY_PHASE_STRIP = NO;
				ENABLE_STRICT_OBJC_MSGSEND = YES;
				GCC_C_LANGUAGE_STANDARD = gnu99;
				GCC_DYNAMIC_NO_PIC = NO;
				GCC_OPTIMIZATION_LEVEL = 0;
				GCC_PREPROCESSOR_DEFINITIONS = (
					"DEBUG=1",
					"$(inherited)",
				);
				GCC_SYMBOLS_PRIVATE_EXTERN = NO;
				GCC_WARN_64_TO_32_BIT_CONVERSION = YES;
				GCC_WARN_ABOUT_RETURN_TYPE = YES_ERROR;
				GCC_WARN_UNDECLARED_SELECTOR = YES;
				GCC_WARN_UNINITIALIZED_AUTOS = YES_AGGRESSIVE;
				GCC_WARN_UNUSED_FUNCTION = YES;
				GCC_WARN_UNUSED_VARIABLE = YES;
				IPHONEOS_DEPLOYMENT_TARGET = 8.1;
				MTL_ENABLE_DEBUG_INFO = YES;
				ONLY_ACTIVE_ARCH = YES;
				SDKROOT = iphoneos;
				SWIFT_OPTIMIZATION_LEVEL = "-Onone";
			};
			name = Debug;
		};
		1EFD2F2C1A780D7D00DCA3EE /* Release */ = {
			isa = XCBuildConfiguration;
			buildSettings = {
				ALWAYS_SEARCH_USER_PATHS = NO;
				CLANG_CXX_LANGUAGE_STANDARD = "gnu++0x";
				CLANG_CXX_LIBRARY = "libc++";
				CLANG_ENABLE_MODULES = YES;
				CLANG_ENABLE_OBJC_ARC = YES;
				CLANG_WARN_BOOL_CONVERSION = YES;
				CLANG_WARN_CONSTANT_CONVERSION = YES;
				CLANG_WARN_DIRECT_OBJC_ISA_USAGE = YES_ERROR;
				CLANG_WARN_EMPTY_BODY = YES;
				CLANG_WARN_ENUM_CONVERSION = YES;
				CLANG_WARN_INT_CONVERSION = YES;
				CLANG_WARN_OBJC_ROOT_CLASS = YES_ERROR;
				CLANG_WARN_UNREACHABLE_CODE = YES;
				CLANG_WARN__DUPLICATE_METHOD_MATCH = YES;
				"CODE_SIGN_IDENTITY[sdk=iphoneos*]" = "iPhone Developer";
				COPY_PHASE_STRIP = YES;
				ENABLE_NS_ASSERTIONS = NO;
				ENABLE_STRICT_OBJC_MSGSEND = YES;
				GCC_C_LANGUAGE_STANDARD = gnu99;
				GCC_WARN_64_TO_32_BIT_CONVERSION = YES;
				GCC_WARN_ABOUT_RETURN_TYPE = YES_ERROR;
				GCC_WARN_UNDECLARED_SELECTOR = YES;
				GCC_WARN_UNINITIALIZED_AUTOS = YES_AGGRESSIVE;
				GCC_WARN_UNUSED_FUNCTION = YES;
				GCC_WARN_UNUSED_VARIABLE = YES;
				IPHONEOS_DEPLOYMENT_TARGET = 8.1;
				MTL_ENABLE_DEBUG_INFO = NO;
				SDKROOT = iphoneos;
				VALIDATE_PRODUCT = YES;
			};
			name = Release;
		};
		1EFD2F2E1A780D7D00DCA3EE /* Debug */ = {
			isa = XCBuildConfiguration;
			buildSettings = {
				ASSETCATALOG_COMPILER_APPICON_NAME = AppIcon;
				INFOPLIST_FILE = RestAPIExample/Info.plist;
				LD_RUNPATH_SEARCH_PATHS = "$(inherited) @executable_path/Frameworks";
				PRODUCT_NAME = "$(TARGET_NAME)";
			};
			name = Debug;
		};
		1EFD2F2F1A780D7D00DCA3EE /* Release */ = {
			isa = XCBuildConfiguration;
			buildSettings = {
				ASSETCATALOG_COMPILER_APPICON_NAME = AppIcon;
				INFOPLIST_FILE = RestAPIExample/Info.plist;
				LD_RUNPATH_SEARCH_PATHS = "$(inherited) @executable_path/Frameworks";
				PRODUCT_NAME = "$(TARGET_NAME)";
			};
			name = Release;
		};
		1EFD2F311A780D7D00DCA3EE /* Debug */ = {
			isa = XCBuildConfiguration;
			baseConfigurationReference = C488C2CEB2685ECA49E9A69E /* Pods-RestAPIExampleTests.debug.xcconfig */;
			buildSettings = {
				BUNDLE_LOADER = "$(TEST_HOST)";
				FRAMEWORK_SEARCH_PATHS = (
					"$(SDKROOT)/Developer/Library/Frameworks",
					"$(inherited)",
				);
				GCC_PREPROCESSOR_DEFINITIONS = (
					"DEBUG=1",
					"$(inherited)",
				);
				INFOPLIST_FILE = RestAPIExampleTests/Info.plist;
				LD_RUNPATH_SEARCH_PATHS = "$(inherited) @executable_path/Frameworks @loader_path/Frameworks";
				PRODUCT_NAME = "$(TARGET_NAME)";
				SWIFT_OBJC_BRIDGING_HEADER = "RestAPIExampleTests/RestAPIExampleTests-Bridging-Header.h";
				TEST_HOST = "$(BUILT_PRODUCTS_DIR)/RestAPIExample.app/RestAPIExample";
			};
			name = Debug;
		};
		1EFD2F321A780D7D00DCA3EE /* Release */ = {
			isa = XCBuildConfiguration;
			baseConfigurationReference = 28705633881B0EC90FFB6185 /* Pods-RestAPIExampleTests.release.xcconfig */;
			buildSettings = {
				BUNDLE_LOADER = "$(TEST_HOST)";
				FRAMEWORK_SEARCH_PATHS = (
					"$(SDKROOT)/Developer/Library/Frameworks",
					"$(inherited)",
				);
				INFOPLIST_FILE = RestAPIExampleTests/Info.plist;
				LD_RUNPATH_SEARCH_PATHS = "$(inherited) @executable_path/Frameworks @loader_path/Frameworks";
				PRODUCT_NAME = "$(TARGET_NAME)";
				SWIFT_OBJC_BRIDGING_HEADER = "RestAPIExampleTests/RestAPIExampleTests-Bridging-Header.h";
				TEST_HOST = "$(BUILT_PRODUCTS_DIR)/RestAPIExample.app/RestAPIExample";
			};
			name = Release;
		};
/* End XCBuildConfiguration section */

/* Begin XCConfigurationList section */
		1EFD2F091A780D7D00DCA3EE /* Build configuration list for PBXProject "RestAPIExample" */ = {
			isa = XCConfigurationList;
			buildConfigurations = (
				1EFD2F2B1A780D7D00DCA3EE /* Debug */,
				1EFD2F2C1A780D7D00DCA3EE /* Release */,
			);
			defaultConfigurationIsVisible = 0;
			defaultConfigurationName = Release;
		};
		1EFD2F2D1A780D7D00DCA3EE /* Build configuration list for PBXNativeTarget "RestAPIExample" */ = {
			isa = XCConfigurationList;
			buildConfigurations = (
				1EFD2F2E1A780D7D00DCA3EE /* Debug */,
				1EFD2F2F1A780D7D00DCA3EE /* Release */,
			);
			defaultConfigurationIsVisible = 0;
			defaultConfigurationName = Release;
		};
		1EFD2F301A780D7D00DCA3EE /* Build configuration list for PBXNativeTarget "RestAPIExampleTests" */ = {
			isa = XCConfigurationList;
			buildConfigurations = (
				1EFD2F311A780D7D00DCA3EE /* Debug */,
				1EFD2F321A780D7D00DCA3EE /* Release */,
			);
			defaultConfigurationIsVisible = 0;
			defaultConfigurationName = Release;
		};
/* End XCConfigurationList section */
	};
	rootObject = 1EFD2F061A780D7D00DCA3EE /* Project object */;
}
